
Microsoft Visual Studio Solution File, Format Version 12.00
# Visual Studio Version 17
VisualStudioVersion = 17.4.33205.214
MinimumVisualStudioVersion = 10.0.40219.1
Project("{FAE04EC0-301F-11D3-BF4B-00C04F79EFBC}") = "BuilkyBookWeb", "BuilkyBookWeb\BuilkyBookWeb.csproj", "{9CAD0ECC-AB30-4395-BAE5-3277D1E51023}"
EndProject
Global
	GlobalSection(SolutionConfigurationPlatforms) = preSolution
		Debug|Any CPU = Debug|Any CPU
		Release|Any CPU = Release|Any CPU
	EndGlobalSection
	GlobalSection(ProjectConfigurationPlatforms) = postSolution
		{9CAD0ECC-AB30-4395-BAE5-3277D1E51023}.Debug|Any CPU.ActiveCfg = Debug|Any CPU
		{9CAD0ECC-AB30-4395-BAE5-3277D1E51023}.Debug|Any CPU.Build.0 = Debug|Any CPU
		{9CAD0ECC-AB30-4395-BAE5-3277D1E51023}.Release|Any CPU.ActiveCfg = Release|Any CPU
		{9CAD0ECC-AB30-4395-BAE5-3277D1E51023}.Release|Any CPU.Build.0 = Release|Any CPU
	EndGlobalSection
	GlobalSection(SolutionProperties) = preSolution
		HideSolutionNode = FALSE
	EndGlobalSection
	GlobalSection(ExtensibilityGlobals) = postSolution
		SolutionGuid = {95AB4398-8924-46D0-B546-F74F7ED44434}
	EndGlobalSection
EndGlobal
